// !$*UTF8*$!
{
	archiveVersion = 1;
	classes = {
	};
	objectVersion = 50;
	objects = {

/* Begin PBXBuildFile section */
		4DBB770120913BFF002A5281 /* AppDelegate.swift in Sources */ = {isa = PBXBuildFile; fileRef = 4DBB770020913BFF002A5281 /* AppDelegate.swift */; };
		4DBB770320913BFF002A5281 /* ViewController.swift in Sources */ = {isa = PBXBuildFile; fileRef = 4DBB770220913BFF002A5281 /* ViewController.swift */; };
		4DBB770620913BFF002A5281 /* Main.storyboard in Resources */ = {isa = PBXBuildFile; fileRef = 4DBB770420913BFF002A5281 /* Main.storyboard */; };
		4DBB770820913C01002A5281 /* Assets.xcassets in Resources */ = {isa = PBXBuildFile; fileRef = 4DBB770720913C01002A5281 /* Assets.xcassets */; };
		4DBB770B20913C01002A5281 /* LaunchScreen.storyboard in Resources */ = {isa = PBXBuildFile; fileRef = 4DBB770920913C01002A5281 /* LaunchScreen.storyboard */; };
		4DBB771620913C02002A5281 /* ConcentrationTests.swift in Sources */ = {isa = PBXBuildFile; fileRef = 4DBB771520913C02002A5281 /* ConcentrationTests.swift */; };
		4DBB772120913C02002A5281 /* ConcentrationUITests.swift in Sources */ = {isa = PBXBuildFile; fileRef = 4DBB772020913C02002A5281 /* ConcentrationUITests.swift */; };
		4DBB773020914320002A5281 /* Card.swift in Sources */ = {isa = PBXBuildFile; fileRef = 4DBB772F20914320002A5281 /* Card.swift */; };
		4DBB7732209144C4002A5281 /* Concentration.swift in Sources */ = {isa = PBXBuildFile; fileRef = 4DBB7731209144C4002A5281 /* Concentration.swift */; };
		4DED7F0E20923D2B00F56B4C /* EmojiTheme.swift in Sources */ = {isa = PBXBuildFile; fileRef = 4DED7F0D20923D2B00F56B4C /* EmojiTheme.swift */; };
/* End PBXBuildFile section */

/* Begin PBXContainerItemProxy section */
		4DBB771220913C02002A5281 /* PBXContainerItemProxy */ = {
			isa = PBXContainerItemProxy;
			containerPortal = 4DBB76F520913BFF002A5281 /* Project object */;
			proxyType = 1;
			remoteGlobalIDString = 4DBB76FC20913BFF002A5281;
			remoteInfo = Concentration;
		};
		4DBB771D20913C02002A5281 /* PBXContainerItemProxy */ = {
			isa = PBXContainerItemProxy;
			containerPortal = 4DBB76F520913BFF002A5281 /* Project object */;
			proxyType = 1;
			remoteGlobalIDString = 4DBB76FC20913BFF002A5281;
			remoteInfo = Concentration;
		};
/* End PBXContainerItemProxy section */

/* Begin PBXFileReference section */
		4DBB76FD20913BFF002A5281 /* Concentration.app */ = {isa = PBXFileReference; explicitFileType = wrapper.application; includeInIndex = 0; path = Concentration.app; sourceTree = BUILT_PRODUCTS_DIR; };
		4DBB770020913BFF002A5281 /* AppDelegate.swift */ = {isa = PBXFileReference; lastKnownFileType = sourcecode.swift; path = AppDelegate.swift; sourceTree = "<group>"; };
		4DBB770220913BFF002A5281 /* ViewController.swift */ = {isa = PBXFileReference; lastKnownFileType = sourcecode.swift; path = ViewController.swift; sourceTree = "<group>"; };
		4DBB770520913BFF002A5281 /* Base */ = {isa = PBXFileReference; lastKnownFileType = file.storyboard; name = Base; path = Base.lproj/Main.storyboard; sourceTree = "<group>"; };
		4DBB770720913C01002A5281 /* Assets.xcassets */ = {isa = PBXFileReference; lastKnownFileType = folder.assetcatalog; path = Assets.xcassets; sourceTree = "<group>"; };
		4DBB770A20913C01002A5281 /* Base */ = {isa = PBXFileReference; lastKnownFileType = file.storyboard; name = Base; path = Base.lproj/LaunchScreen.storyboard; sourceTree = "<group>"; };
		4DBB770C20913C01002A5281 /* Info.plist */ = {isa = PBXFileReference; lastKnownFileType = text.plist.xml; path = Info.plist; sourceTree = "<group>"; };
		4DBB771120913C02002A5281 /* ConcentrationTests.xctest */ = {isa = PBXFileReference; explicitFileType = wrapper.cfbundle; includeInIndex = 0; path = ConcentrationTests.xctest; sourceTree = BUILT_PRODUCTS_DIR; };
		4DBB771520913C02002A5281 /* ConcentrationTests.swift */ = {isa = PBXFileReference; lastKnownFileType = sourcecode.swift; path = ConcentrationTests.swift; sourceTree = "<group>"; };
		4DBB771720913C02002A5281 /* Info.plist */ = {isa = PBXFileReference; lastKnownFileType = text.plist.xml; path = Info.plist; sourceTree = "<group>"; };
		4DBB771C20913C02002A5281 /* ConcentrationUITests.xctest */ = {isa = PBXFileReference; explicitFileType = wrapper.cfbundle; includeInIndex = 0; path = ConcentrationUITests.xctest; sourceTree = BUILT_PRODUCTS_DIR; };
		4DBB772020913C02002A5281 /* ConcentrationUITests.swift */ = {isa = PBXFileReference; lastKnownFileType = sourcecode.swift; path = ConcentrationUITests.swift; sourceTree = "<group>"; };
		4DBB772220913C02002A5281 /* Info.plist */ = {isa = PBXFileReference; lastKnownFileType = text.plist.xml; path = Info.plist; sourceTree = "<group>"; };
		4DBB772F20914320002A5281 /* Card.swift */ = {isa = PBXFileReference; lastKnownFileType = sourcecode.swift; path = Card.swift; sourceTree = "<group>"; };
		4DBB7731209144C4002A5281 /* Concentration.swift */ = {isa = PBXFileReference; lastKnownFileType = sourcecode.swift; path = Concentration.swift; sourceTree = "<group>"; };
		4DED7F0D20923D2B00F56B4C /* EmojiTheme.swift */ = {isa = PBXFileReference; lastKnownFileType = sourcecode.swift; path = EmojiTheme.swift; sourceTree = "<group>"; };
/* End PBXFileReference section */

/* Begin PBXFrameworksBuildPhase section */
		4DBB76FA20913BFF002A5281 /* Frameworks */ = {
			isa = PBXFrameworksBuildPhase;
			buildActionMask = 2147483647;
			files = (
			);
			runOnlyForDeploymentPostprocessing = 0;
		};
		4DBB770E20913C02002A5281 /* Frameworks */ = {
			isa = PBXFrameworksBuildPhase;
			buildActionMask = 2147483647;
			files = (
			);
			runOnlyForDeploymentPostprocessing = 0;
		};
		4DBB771920913C02002A5281 /* Frameworks */ = {
			isa = PBXFrameworksBuildPhase;
			buildActionMask = 2147483647;
			files = (
			);
			runOnlyForDeploymentPostprocessing = 0;
		};
/* End PBXFrameworksBuildPhase section */

/* Begin PBXGroup section */
		4DBB76F420913BFF002A5281 = {
			isa = PBXGroup;
			children = (
				4DBB76FF20913BFF002A5281 /* Concentration */,
				4DBB771420913C02002A5281 /* ConcentrationTests */,
				4DBB771F20913C02002A5281 /* ConcentrationUITests */,
				4DBB76FE20913BFF002A5281 /* Products */,
			);
			sourceTree = "<group>";
		};
		4DBB76FE20913BFF002A5281 /* Products */ = {
			isa = PBXGroup;
			children = (
				4DBB76FD20913BFF002A5281 /* Concentration.app */,
				4DBB771120913C02002A5281 /* ConcentrationTests.xctest */,
				4DBB771C20913C02002A5281 /* ConcentrationUITests.xctest */,
			);
			name = Products;
			sourceTree = "<group>";
		};
		4DBB76FF20913BFF002A5281 /* Concentration */ = {
			isa = PBXGroup;
			children = (
				4DBB772E20913EEC002A5281 /* Models */,
				4DBB770020913BFF002A5281 /* AppDelegate.swift */,
				4DBB770220913BFF002A5281 /* ViewController.swift */,
				4DBB770420913BFF002A5281 /* Main.storyboard */,
				4DBB770720913C01002A5281 /* Assets.xcassets */,
				4DBB770920913C01002A5281 /* LaunchScreen.storyboard */,
				4DBB770C20913C01002A5281 /* Info.plist */,
			);
			path = Concentration;
			sourceTree = "<group>";
		};
		4DBB771420913C02002A5281 /* ConcentrationTests */ = {
			isa = PBXGroup;
			children = (
				4DBB771520913C02002A5281 /* ConcentrationTests.swift */,
				4DBB771720913C02002A5281 /* Info.plist */,
			);
			path = ConcentrationTests;
			sourceTree = "<group>";
		};
		4DBB771F20913C02002A5281 /* ConcentrationUITests */ = {
			isa = PBXGroup;
			children = (
				4DBB772020913C02002A5281 /* ConcentrationUITests.swift */,
				4DBB772220913C02002A5281 /* Info.plist */,
			);
			path = ConcentrationUITests;
			sourceTree = "<group>";
		};
		4DBB772E20913EEC002A5281 /* Models */ = {
			isa = PBXGroup;
			children = (
				4DBB772F20914320002A5281 /* Card.swift */,
				4DBB7731209144C4002A5281 /* Concentration.swift */,
				4DED7F0D20923D2B00F56B4C /* EmojiTheme.swift */,
			);
			path = Models;
			sourceTree = "<group>";
		};
/* End PBXGroup section */

/* Begin PBXNativeTarget section */
		4DBB76FC20913BFF002A5281 /* Concentration */ = {
			isa = PBXNativeTarget;
			buildConfigurationList = 4DBB772520913C02002A5281 /* Build configuration list for PBXNativeTarget "Concentration" */;
			buildPhases = (
				4DBB76F920913BFF002A5281 /* Sources */,
				4DBB76FA20913BFF002A5281 /* Frameworks */,
				4DBB76FB20913BFF002A5281 /* Resources */,
			);
			buildRules = (
			);
			dependencies = (
			);
			name = Concentration;
			productName = Concentration;
			productReference = 4DBB76FD20913BFF002A5281 /* Concentration.app */;
			productType = "com.apple.product-type.application";
		};
		4DBB771020913C02002A5281 /* ConcentrationTests */ = {
			isa = PBXNativeTarget;
			buildConfigurationList = 4DBB772820913C02002A5281 /* Build configuration list for PBXNativeTarget "ConcentrationTests" */;
			buildPhases = (
				4DBB770D20913C02002A5281 /* Sources */,
				4DBB770E20913C02002A5281 /* Frameworks */,
				4DBB770F20913C02002A5281 /* Resources */,
			);
			buildRules = (
			);
			dependencies = (
				4DBB771320913C02002A5281 /* PBXTargetDependency */,
			);
			name = ConcentrationTests;
			productName = ConcentrationTests;
			productReference = 4DBB771120913C02002A5281 /* ConcentrationTests.xctest */;
			productType = "com.apple.product-type.bundle.unit-test";
		};
		4DBB771B20913C02002A5281 /* ConcentrationUITests */ = {
			isa = PBXNativeTarget;
			buildConfigurationList = 4DBB772B20913C02002A5281 /* Build configuration list for PBXNativeTarget "ConcentrationUITests" */;
			buildPhases = (
				4DBB771820913C02002A5281 /* Sources */,
				4DBB771920913C02002A5281 /* Frameworks */,
				4DBB771A20913C02002A5281 /* Resources */,
			);
			buildRules = (
			);
			dependencies = (
				4DBB771E20913C02002A5281 /* PBXTargetDependency */,
			);
			name = ConcentrationUITests;
			productName = ConcentrationUITests;
			productReference = 4DBB771C20913C02002A5281 /* ConcentrationUITests.xctest */;
			productType = "com.apple.product-type.bundle.ui-testing";
		};
/* End PBXNativeTarget section */

/* Begin PBXProject section */
		4DBB76F520913BFF002A5281 /* Project object */ = {
			isa = PBXProject;
			attributes = {
				LastSwiftUpdateCheck = 0930;
				LastUpgradeCheck = 0930;
				ORGANIZATIONNAME = "Karl Merecido";
				TargetAttributes = {
					4DBB76FC20913BFF002A5281 = {
						CreatedOnToolsVersion = 9.3;
					};
					4DBB771020913C02002A5281 = {
						CreatedOnToolsVersion = 9.3;
						TestTargetID = 4DBB76FC20913BFF002A5281;
					};
					4DBB771B20913C02002A5281 = {
						CreatedOnToolsVersion = 9.3;
						TestTargetID = 4DBB76FC20913BFF002A5281;
					};
				};
			};
			buildConfigurationList = 4DBB76F820913BFF002A5281 /* Build configuration list for PBXProject "Concentration" */;
			compatibilityVersion = "Xcode 9.3";
			developmentRegion = en;
			hasScannedForEncodings = 0;
			knownRegions = (
				en,
				Base,
			);
			mainGroup = 4DBB76F420913BFF002A5281;
			productRefGroup = 4DBB76FE20913BFF002A5281 /* Products */;
			projectDirPath = "";
			projectRoot = "";
			targets = (
				4DBB76FC20913BFF002A5281 /* Concentration */,
				4DBB771020913C02002A5281 /* ConcentrationTests */,
				4DBB771B20913C02002A5281 /* ConcentrationUITests */,
			);
		};
/* End PBXProject section */

/* Begin PBXResourcesBuildPhase section */
		4DBB76FB20913BFF002A5281 /* Resources */ = {
			isa = PBXResourcesBuildPhase;
			buildActionMask = 2147483647;
			files = (
				4DBB770B20913C01002A5281 /* LaunchScreen.storyboard in Resources */,
				4DBB770820913C01002A5281 /* Assets.xcassets in Resources */,
				4DBB770620913BFF002A5281 /* Main.storyboard in Resources */,
			);
			runOnlyForDeploymentPostprocessing = 0;
		};
		4DBB770F20913C02002A5281 /* Resources */ = {
			isa = PBXResourcesBuildPhase;
			buildActionMask = 2147483647;
			files = (
			);
			runOnlyForDeploymentPostprocessing = 0;
		};
		4DBB771A20913C02002A5281 /* Resources */ = {
			isa = PBXResourcesBuildPhase;
			buildActionMask = 2147483647;
			files = (
			);
			runOnlyForDeploymentPostprocessing = 0;
		};
/* End PBXResourcesBuildPhase section */

/* Begin PBXSourcesBuildPhase section */
		4DBB76F920913BFF002A5281 /* Sources */ = {
			isa = PBXSourcesBuildPhase;
			buildActionMask = 2147483647;
			files = (
				4DED7F0E20923D2B00F56B4C /* EmojiTheme.swift in Sources */,
				4DBB770320913BFF002A5281 /* ViewController.swift in Sources */,
				4DBB7732209144C4002A5281 /* Concentration.swift in Sources */,
				4DBB773020914320002A5281 /* Card.swift in Sources */,
				4DBB770120913BFF002A5281 /* AppDelegate.swift in Sources */,
			);
			runOnlyForDeploymentPostprocessing = 0;
		};
		4DBB770D20913C02002A5281 /* Sources */ = {
			isa = PBXSourcesBuildPhase;
			buildActionMask = 2147483647;
			files = (
				4DBB771620913C02002A5281 /* ConcentrationTests.swift in Sources */,
			);
			runOnlyForDeploymentPostprocessing = 0;
		};
		4DBB771820913C02002A5281 /* Sources */ = {
			isa = PBXSourcesBuildPhase;
			buildActionMask = 2147483647;
			files = (
				4DBB772120913C02002A5281 /* ConcentrationUITests.swift in Sources */,
			);
			runOnlyForDeploymentPostprocessing = 0;
		};
/* End PBXSourcesBuildPhase section */

/* Begin PBXTargetDependency section */
		4DBB771320913C02002A5281 /* PBXTargetDependency */ = {
			isa = PBXTargetDependency;
			target = 4DBB76FC20913BFF002A5281 /* Concentration */;
			targetProxy = 4DBB771220913C02002A5281 /* PBXContainerItemProxy */;
		};
		4DBB771E20913C02002A5281 /* PBXTargetDependency */ = {
			isa = PBXTargetDependency;
			target = 4DBB76FC20913BFF002A5281 /* Concentration */;
			targetProxy = 4DBB771D20913C02002A5281 /* PBXContainerItemProxy */;
		};
/* End PBXTargetDependency section */

/* Begin PBXVariantGroup section */
		4DBB770420913BFF002A5281 /* Main.storyboard */ = {
			isa = PBXVariantGroup;
			children = (
				4DBB770520913BFF002A5281 /* Base */,
			);
			name = Main.storyboard;
			sourceTree = "<group>";
		};
		4DBB770920913C01002A5281 /* LaunchScreen.storyboard */ = {
			isa = PBXVariantGroup;
			children = (
				4DBB770A20913C01002A5281 /* Base */,
			);
			name = LaunchScreen.storyboard;
			sourceTree = "<group>";
		};
/* End PBXVariantGroup section */

/* Begin XCBuildConfiguration section */
		4DBB772320913C02002A5281 /* Debug */ = {
			isa = XCBuildConfiguration;
			buildSettings = {
				ALWAYS_SEARCH_USER_PATHS = NO;
				CLANG_ANALYZER_NONNULL = YES;
				CLANG_ANALYZER_NUMBER_OBJECT_CONVERSION = YES_AGGRESSIVE;
				CLANG_CXX_LANGUAGE_STANDARD = "gnu++14";
				CLANG_CXX_LIBRARY = "libc++";
				CLANG_ENABLE_MODULES = YES;
				CLANG_ENABLE_OBJC_ARC = YES;
				CLANG_ENABLE_OBJC_WEAK = YES;
				CLANG_WARN_BLOCK_CAPTURE_AUTORELEASING = YES;
				CLANG_WARN_BOOL_CONVERSION = YES;
				CLANG_WARN_COMMA = YES;
				CLANG_WARN_CONSTANT_CONVERSION = YES;
				CLANG_WARN_DEPRECATED_OBJC_IMPLEMENTATIONS = YES;
				CLANG_WARN_DIRECT_OBJC_ISA_USAGE = YES_ERROR;
				CLANG_WARN_DOCUMENTATION_COMMENTS = YES;
				CLANG_WARN_EMPTY_BODY = YES;
				CLANG_WARN_ENUM_CONVERSION = YES;
				CLANG_WARN_INFINITE_RECURSION = YES;
				CLANG_WARN_INT_CONVERSION = YES;
				CLANG_WARN_NON_LITERAL_NULL_CONVERSION = YES;
				CLANG_WARN_OBJC_IMPLICIT_RETAIN_SELF = YES;
				CLANG_WARN_OBJC_LITERAL_CONVERSION = YES;
				CLANG_WARN_OBJC_ROOT_CLASS = YES_ERROR;
				CLANG_WARN_RANGE_LOOP_ANALYSIS = YES;
				CLANG_WARN_STRICT_PROTOTYPES = YES;
				CLANG_WARN_SUSPICIOUS_MOVE = YES;
				CLANG_WARN_UNGUARDED_AVAILABILITY = YES_AGGRESSIVE;
				CLANG_WARN_UNREACHABLE_CODE = YES;
				CLANG_WARN__DUPLICATE_METHOD_MATCH = YES;
				CODE_SIGN_IDENTITY = "iPhone Developer";
				COPY_PHASE_STRIP = NO;
				DEBUG_INFORMATION_FORMAT = dwarf;
				ENABLE_STRICT_OBJC_MSGSEND = YES;
				ENABLE_TESTABILITY = YES;
				GCC_C_LANGUAGE_STANDARD = gnu11;
				GCC_DYNAMIC_NO_PIC = NO;
				GCC_NO_COMMON_BLOCKS = YES;
				GCC_OPTIMIZATION_LEVEL = 0;
				GCC_PREPROCESSOR_DEFINITIONS = (
					"DEBUG=1",
					"$(inherited)",
				);
				GCC_WARN_64_TO_32_BIT_CONVERSION = YES;
				GCC_WARN_ABOUT_RETURN_TYPE = YES_ERROR;
				GCC_WARN_UNDECLARED_SELECTOR = YES;
				GCC_WARN_UNINITIALIZED_AUTOS = YES_AGGRESSIVE;
				GCC_WARN_UNUSED_FUNCTION = YES;
				GCC_WARN_UNUSED_VARIABLE = YES;
				IPHONEOS_DEPLOYMENT_TARGET = 11.3;
				MTL_ENABLE_DEBUG_INFO = YES;
				ONLY_ACTIVE_ARCH = YES;
				SDKROOT = iphoneos;
				SWIFT_ACTIVE_COMPILATION_CONDITIONS = DEBUG;
				SWIFT_OPTIMIZATION_LEVEL = "-Onone";
			};
			name = Debug;
		};
		4DBB772420913C02002A5281 /* Release */ = {
			isa = XCBuildConfiguration;
			buildSettings = {
				ALWAYS_SEARCH_USER_PATHS = NO;
				CLANG_ANALYZER_NONNULL = YES;
				CLANG_ANALYZER_NUMBER_OBJECT_CONVERSION = YES_AGGRESSIVE;
				CLANG_CXX_LANGUAGE_STANDARD = "gnu++14";
				CLANG_CXX_LIBRARY = "libc++";
				CLANG_ENABLE_MODULES = YES;
				CLANG_ENABLE_OBJC_ARC = YES;
				CLANG_ENABLE_OBJC_WEAK = YES;
				CLANG_WARN_BLOCK_CAPTURE_AUTORELEASING = YES;
				CLANG_WARN_BOOL_CONVERSION = YES;
				CLANG_WARN_COMMA = YES;
				CLANG_WARN_CONSTANT_CONVERSION = YES;
				CLANG_WARN_DEPRECATED_OBJC_IMPLEMENTATIONS = YES;
				CLANG_WARN_DIRECT_OBJC_ISA_USAGE = YES_ERROR;
				CLANG_WARN_DOCUMENTATION_COMMENTS = YES;
				CLANG_WARN_EMPTY_BODY = YES;
				CLANG_WARN_ENUM_CONVERSION = YES;
				CLANG_WARN_INFINITE_RECURSION = YES;
				CLANG_WARN_INT_CONVERSION = YES;
				CLANG_WARN_NON_LITERAL_NULL_CONVERSION = YES;
				CLANG_WARN_OBJC_IMPLICIT_RETAIN_SELF = YES;
				CLANG_WARN_OBJC_LITERAL_CONVERSION = YES;
				CLANG_WARN_OBJC_ROOT_CLASS = YES_ERROR;
				CLANG_WARN_RANGE_LOOP_ANALYSIS = YES;
				CLANG_WARN_STRICT_PROTOTYPES = YES;
				CLANG_WARN_SUSPICIOUS_MOVE = YES;
				CLANG_WARN_UNGUARDED_AVAILABILITY = YES_AGGRESSIVE;
				CLANG_WARN_UNREACHABLE_CODE = YES;
				CLANG_WARN__DUPLICATE_METHOD_MATCH = YES;
				CODE_SIGN_IDENTITY = "iPhone Developer";
				COPY_PHASE_STRIP = NO;
				DEBUG_INFORMATION_FORMAT = "dwarf-with-dsym";
				ENABLE_NS_ASSERTIONS = NO;
				ENABLE_STRICT_OBJC_MSGSEND = YES;
				GCC_C_LANGUAGE_STANDARD = gnu11;
				GCC_NO_COMMON_BLOCKS = YES;
				GCC_WARN_64_TO_32_BIT_CONVERSION = YES;
				GCC_WARN_ABOUT_RETURN_TYPE = YES_ERROR;
				GCC_WARN_UNDECLARED_SELECTOR = YES;
				GCC_WARN_UNINITIALIZED_AUTOS = YES_AGGRESSIVE;
				GCC_WARN_UNUSED_FUNCTION = YES;
				GCC_WARN_UNUSED_VARIABLE = YES;
				IPHONEOS_DEPLOYMENT_TARGET = 11.3;
				MTL_ENABLE_DEBUG_INFO = NO;
				SDKROOT = iphoneos;
				SWIFT_COMPILATION_MODE = wholemodule;
				SWIFT_OPTIMIZATION_LEVEL = "-O";
				VALIDATE_PRODUCT = YES;
			};
			name = Release;
		};
		4DBB772620913C02002A5281 /* Debug */ = {
			isa = XCBuildConfiguration;
			buildSettings = {
				ASSETCATALOG_COMPILER_APPICON_NAME = AppIcon;
				CODE_SIGN_STYLE = Automatic;
				DEVELOPMENT_TEAM = EQG2B3BSJE;
				INFOPLIST_FILE = Concentration/Info.plist;
				LD_RUNPATH_SEARCH_PATHS = (
					"$(inherited)",
					"@executable_path/Frameworks",
				);
				PRODUCT_BUNDLE_IDENTIFIER = kmerecido.Concentration;
				PRODUCT_NAME = "$(TARGET_NAME)";
				SWIFT_VERSION = 4.0;
				TARGETED_DEVICE_FAMILY = "1,2";
			};
			name = Debug;
		};
		4DBB772720913C02002A5281 /* Release */ = {
			isa = XCBuildConfiguration;
			buildSettings = {
				ASSETCATALOG_COMPILER_APPICON_NAME = AppIcon;
				CODE_SIGN_STYLE = Automatic;
				DEVELOPMENT_TEAM = EQG2B3BSJE;
				INFOPLIST_FILE = Concentration/Info.plist;
				LD_RUNPATH_SEARCH_PATHS = (
					"$(inherited)",
					"@executable_path/Frameworks",
				);
				PRODUCT_BUNDLE_IDENTIFIER = kmerecido.Concentration;
				PRODUCT_NAME = "$(TARGET_NAME)";
				SWIFT_VERSION = 4.0;
				TARGETED_DEVICE_FAMILY = "1,2";
			};
			name = Release;
		};
		4DBB772920913C02002A5281 /* Debug */ = {
			isa = XCBuildConfiguration;
			buildSettings = {
				ALWAYS_EMBED_SWIFT_STANDARD_LIBRARIES = YES;
				BUNDLE_LOADER = "$(TEST_HOST)";
				CODE_SIGN_STYLE = Automatic;
				DEVELOPMENT_TEAM = EQG2B3BSJE;
				INFOPLIST_FILE = ConcentrationTests/Info.plist;
				LD_RUNPATH_SEARCH_PATHS = (
					"$(inherited)",
					"@executable_path/Frameworks",
					"@loader_path/Frameworks",
				);
				PRODUCT_BUNDLE_IDENTIFIER = kmerecido.ConcentrationTests;
				PRODUCT_NAME = "$(TARGET_NAME)";
				SWIFT_VERSION = 4.0;
				TARGETED_DEVICE_FAMILY = "1,2";
				TEST_HOST = "$(BUILT_PRODUCTS_DIR)/Concentration.app/Concentration";
			};
			name = Debug;
		};
		4DBB772A20913C02002A5281 /* Release */ = {
			isa = XCBuildConfiguration;
			buildSettings = {
				ALWAYS_EMBED_SWIFT_STANDARD_LIBRARIES = YES;
				BUNDLE_LOADER = "$(TEST_HOST)";
				CODE_SIGN_STYLE = Automatic;
				DEVELOPMENT_TEAM = EQG2B3BSJE;
				INFOPLIST_FILE = ConcentrationTests/Info.plist;
				LD_RUNPATH_SEARCH_PATHS = (
					"$(inherited)",
					"@executable_path/Frameworks",
					"@loader_path/Frameworks",
				);
				PRODUCT_BUNDLE_IDENTIFIER = kmerecido.ConcentrationTests;
				PRODUCT_NAME = "$(TARGET_NAME)";
				SWIFT_VERSION = 4.0;
				TARGETED_DEVICE_FAMILY = "1,2";
				TEST_HOST = "$(BUILT_PRODUCTS_DIR)/Concentration.app/Concentration";
			};
			name = Release;
		};
		4DBB772C20913C02002A5281 /* Debug */ = {
			isa = XCBuildConfiguration;
			buildSettings = {
				ALWAYS_EMBED_SWIFT_STANDARD_LIBRARIES = YES;
				CODE_SIGN_STYLE = Automatic;
				DEVELOPMENT_TEAM = EQG2B3BSJE;
				INFOPLIST_FILE = ConcentrationUITests/Info.plist;
				LD_RUNPATH_SEARCH_PATHS = (
					"$(inherited)",
					"@executable_path/Frameworks",
					"@loader_path/Frameworks",
				);
				PRODUCT_BUNDLE_IDENTIFIER = kmerecido.ConcentrationUITests;
				PRODUCT_NAME = "$(TARGET_NAME)";
				SWIFT_VERSION = 4.0;
				TARGETED_DEVICE_FAMILY = "1,2";
				TEST_TARGET_NAME = Concentration;
			};
			name = Debug;
		};
		4DBB772D20913C02002A5281 /* Release */ = {
			isa = XCBuildConfiguration;
			buildSettings = {
				ALWAYS_EMBED_SWIFT_STANDARD_LIBRARIES = YES;
				CODE_SIGN_STYLE = Automatic;
				DEVELOPMENT_TEAM = EQG2B3BSJE;
				INFOPLIST_FILE = ConcentrationUITests/Info.plist;
				LD_RUNPATH_SEARCH_PATHS = (
					"$(inherited)",
					"@executable_path/Frameworks",
					"@loader_path/Frameworks",
				);
				PRODUCT_BUNDLE_IDENTIFIER = kmerecido.ConcentrationUITests;
				PRODUCT_NAME = "$(TARGET_NAME)";
				SWIFT_VERSION = 4.0;
				TARGETED_DEVICE_FAMILY = "1,2";
				TEST_TARGET_NAME = Concentration;
			};
			name = Release;
		};
/* End XCBuildConfiguration section */

/* Begin XCConfigurationList section */
		4DBB76F820913BFF002A5281 /* Build configuration list for PBXProject "Concentration" */ = {
			isa = XCConfigurationList;
			buildConfigurations = (
				4DBB772320913C02002A5281 /* Debug */,
				4DBB772420913C02002A5281 /* Release */,
			);
			defaultConfigurationIsVisible = 0;
			defaultConfigurationName = Release;
		};
		4DBB772520913C02002A5281 /* Build configuration list for PBXNativeTarget "Concentration" */ = {
			isa = XCConfigurationList;
			buildConfigurations = (
				4DBB772620913C02002A5281 /* Debug */,
				4DBB772720913C02002A5281 /* Release */,
			);
			defaultConfigurationIsVisible = 0;
			defaultConfigurationName = Release;
		};
		4DBB772820913C02002A5281 /* Build configuration list for PBXNativeTarget "ConcentrationTests" */ = {
			isa = XCConfigurationList;
			buildConfigurations = (
				4DBB772920913C02002A5281 /* Debug */,
				4DBB772A20913C02002A5281 /* Release */,
			);
			defaultConfigurationIsVisible = 0;
			defaultConfigurationName = Release;
		};
		4DBB772B20913C02002A5281 /* Build configuration list for PBXNativeTarget "ConcentrationUITests" */ = {
			isa = XCConfigurationList;
			buildConfigurations = (
				4DBB772C20913C02002A5281 /* Debug */,
				4DBB772D20913C02002A5281 /* Release */,
			);
			defaultConfigurationIsVisible = 0;
			defaultConfigurationName = Release;
		};
/* End XCConfigurationList section */
	};
	rootObject = 4DBB76F520913BFF002A5281 /* Project object */;
}
